
Microsoft Visual Studio Solution File, Format Version 12.00
# Visual Studio Version 16
VisualStudioVersion = 16.0.31112.23
MinimumVisualStudioVersion = 10.0.40219.1
Project("{FAE04EC0-301F-11D3-BF4B-00C04F79EFBC}") = "PR1", "PR1\PR1.csproj", "{551DD3DF-1EC2-4249-92B5-E6EBD6E22DE7}"
EndProject
Global
	GlobalSection(SolutionConfigurationPlatforms) = preSolution
		Debug|Any CPU = Debug|Any CPU
		Release|Any CPU = Release|Any CPU
	EndGlobalSection
	GlobalSection(ProjectConfigurationPlatforms) = postSolution
		{551DD3DF-1EC2-4249-92B5-E6EBD6E22DE7}.Debug|Any CPU.ActiveCfg = Debug|Any CPU
		{551DD3DF-1EC2-4249-92B5-E6EBD6E22DE7}.Debug|Any CPU.Build.0 = Debug|Any CPU
		{551DD3DF-1EC2-4249-92B5-E6EBD6E22DE7}.Release|Any CPU.ActiveCfg = Release|Any CPU
		{551DD3DF-1EC2-4249-92B5-E6EBD6E22DE7}.Release|Any CPU.Build.0 = Release|Any CPU
	EndGlobalSection
	GlobalSection(SolutionProperties) = preSolution
		HideSolutionNode = FALSE
	EndGlobalSection
	GlobalSection(ExtensibilityGlobals) = postSolution
		SolutionGuid = {250D2616-57EC-42A0-B85A-CAD3539601D8}
	EndGlobalSection
EndGlobal
